
Microsoft Visual Studio Solution File, Format Version 12.00
# Visual Studio Version 17
VisualStudioVersion = 17.5.33516.290
MinimumVisualStudioVersion = 10.0.40219.1
Project("{FAE04EC0-301F-11D3-BF4B-00C04F79EFBC}") = "SchoolManagement.MVC", "SchoolManagement.MVC\SchoolManagement.MVC.csproj", "{A5BB3DF4-5F72-4EDF-9F86-D425F81F1B8B}"
EndProject
Global
	GlobalSection(SolutionConfigurationPlatforms) = preSolution
		Debug|Any CPU = Debug|Any CPU
		Release|Any CPU = Release|Any CPU
	EndGlobalSection
	GlobalSection(ProjectConfigurationPlatforms) = postSolution
		{A5BB3DF4-5F72-4EDF-9F86-D425F81F1B8B}.Debug|Any CPU.ActiveCfg = Debug|Any CPU
		{A5BB3DF4-5F72-4EDF-9F86-D425F81F1B8B}.Debug|Any CPU.Build.0 = Debug|Any CPU
		{A5BB3DF4-5F72-4EDF-9F86-D425F81F1B8B}.Release|Any CPU.ActiveCfg = Release|Any CPU
		{A5BB3DF4-5F72-4EDF-9F86-D425F81F1B8B}.Release|Any CPU.Build.0 = Release|Any CPU
	EndGlobalSection
	GlobalSection(SolutionProperties) = preSolution
		HideSolutionNode = FALSE
	EndGlobalSection
	GlobalSection(ExtensibilityGlobals) = postSolution
		SolutionGuid = {5211229C-226F-453B-8242-9C063822A708}
	EndGlobalSection
EndGlobal
